// !$*UTF8*$!
{
	archiveVersion = 1;
	classes = {
	};
	objectVersion = 46;
	objects = {

/* Begin PBXBuildFile section */
		3647127614FF6B64008864E7 /* UIKit.framework in Frameworks */ = {isa = PBXBuildFile; fileRef = 3647127514FF6B64008864E7 /* UIKit.framework */; };
		3647127814FF6B64008864E7 /* Foundation.framework in Frameworks */ = {isa = PBXBuildFile; fileRef = 3647127714FF6B64008864E7 /* Foundation.framework */; };
		3647127A14FF6B64008864E7 /* CoreGraphics.framework in Frameworks */ = {isa = PBXBuildFile; fileRef = 3647127914FF6B64008864E7 /* CoreGraphics.framework */; };
		3647128014FF6B64008864E7 /* InfoPlist.strings in Resources */ = {isa = PBXBuildFile; fileRef = 3647127E14FF6B64008864E7 /* InfoPlist.strings */; };
		3647128214FF6B64008864E7 /* main.m in Sources */ = {isa = PBXBuildFile; fileRef = 3647128114FF6B64008864E7 /* main.m */; };
		3647128614FF6B64008864E7 /* HankAppDelegate.m in Sources */ = {isa = PBXBuildFile; fileRef = 3647128514FF6B64008864E7 /* HankAppDelegate.m */; };
		3647128914FF6B64008864E7 /* MainStoryboard_iPhone.storyboard in Resources */ = {isa = PBXBuildFile; fileRef = 3647128714FF6B64008864E7 /* MainStoryboard_iPhone.storyboard */; };
		3647128C14FF6B64008864E7 /* MainStoryboard_iPad.storyboard in Resources */ = {isa = PBXBuildFile; fileRef = 3647128A14FF6B64008864E7 /* MainStoryboard_iPad.storyboard */; };
		3647128F14FF6B64008864E7 /* HankViewController.m in Sources */ = {isa = PBXBuildFile; fileRef = 3647128E14FF6B64008864E7 /* HankViewController.m */; };
		3647129714FF6B64008864E7 /* SenTestingKit.framework in Frameworks */ = {isa = PBXBuildFile; fileRef = 3647129614FF6B64008864E7 /* SenTestingKit.framework */; };
		3647129814FF6B64008864E7 /* UIKit.framework in Frameworks */ = {isa = PBXBuildFile; fileRef = 3647127514FF6B64008864E7 /* UIKit.framework */; };
		3647129914FF6B64008864E7 /* Foundation.framework in Frameworks */ = {isa = PBXBuildFile; fileRef = 3647127714FF6B64008864E7 /* Foundation.framework */; };
		364712A114FF6B64008864E7 /* InfoPlist.strings in Resources */ = {isa = PBXBuildFile; fileRef = 3647129F14FF6B64008864E7 /* InfoPlist.strings */; };
		364712A414FF6B64008864E7 /* calculatorTests.m in Sources */ = {isa = PBXBuildFile; fileRef = 364712A314FF6B64008864E7 /* calculatorTests.m */; };
/* End PBXBuildFile section */

/* Begin PBXContainerItemProxy section */
		3647129A14FF6B64008864E7 /* PBXContainerItemProxy */ = {
			isa = PBXContainerItemProxy;
			containerPortal = 3647126814FF6B63008864E7 /* Project object */;
			proxyType = 1;
			remoteGlobalIDString = 3647127014FF6B64008864E7;
			remoteInfo = calculator;
		};
/* End PBXContainerItemProxy section */

/* Begin PBXFileReference section */
		3647127114FF6B64008864E7 /* calculator.app */ = {isa = PBXFileReference; explicitFileType = wrapper.application; includeInIndex = 0; path = calculator.app; sourceTree = BUILT_PRODUCTS_DIR; };
		3647127514FF6B64008864E7 /* UIKit.framework */ = {isa = PBXFileReference; lastKnownFileType = wrapper.framework; name = UIKit.framework; path = System/Library/Frameworks/UIKit.framework; sourceTree = SDKROOT; };
		3647127714FF6B64008864E7 /* Foundation.framework */ = {isa = PBXFileReference; lastKnownFileType = wrapper.framework; name = Foundation.framework; path = System/Library/Frameworks/Foundation.framework; sourceTree = SDKROOT; };
		3647127914FF6B64008864E7 /* CoreGraphics.framework */ = {isa = PBXFileReference; lastKnownFileType = wrapper.framework; name = CoreGraphics.framework; path = System/Library/Frameworks/CoreGraphics.framework; sourceTree = SDKROOT; };
		3647127D14FF6B64008864E7 /* calculator-Info.plist */ = {isa = PBXFileReference; path = "calculator-Info.plist"; sourceTree = "<group>"; };
		3647127F14FF6B64008864E7 /* en */ = {isa = PBXFileReference; lastKnownFileType = text.plist.strings; name = en; path = en.lproj/InfoPlist.strings; sourceTree = "<group>"; };
		3647128114FF6B64008864E7 /* main.m */ = {isa = PBXFileReference; lastKnownFileType = sourcecode.c.objc; path = main.m; sourceTree = "<group>"; };
		3647128314FF6B64008864E7 /* calculator-Prefix.pch */ = {isa = PBXFileReference; path = "calculator-Prefix.pch"; sourceTree = "<group>"; };
		3647128414FF6B64008864E7 /* HankAppDelegate.h */ = {isa = PBXFileReference; path = HankAppDelegate.h; sourceTree = "<group>"; };
		3647128514FF6B64008864E7 /* HankAppDelegate.m */ = {isa = PBXFileReference; lastKnownFileType = sourcecode.c.objc; path = HankAppDelegate.m; sourceTree = "<group>"; };
		3647128814FF6B64008864E7 /* en */ = {isa = PBXFileReference; lastKnownFileType = file.storyboard; name = en; path = en.lproj/MainStoryboard_iPhone.storyboard; sourceTree = "<group>"; };
		3647128B14FF6B64008864E7 /* en */ = {isa = PBXFileReference; lastKnownFileType = file.storyboard; name = en; path = en.lproj/MainStoryboard_iPad.storyboard; sourceTree = "<group>"; };
		3647128D14FF6B64008864E7 /* HankViewController.h */ = {isa = PBXFileReference; path = HankViewController.h; sourceTree = "<group>"; };
		3647128E14FF6B64008864E7 /* HankViewController.m */ = {isa = PBXFileReference; lastKnownFileType = sourcecode.c.objc; path = HankViewController.m; sourceTree = "<group>"; };
		3647129514FF6B64008864E7 /* calculatorTests.octest */ = {isa = PBXFileReference; explicitFileType = wrapper.cfbundle; includeInIndex = 0; path = calculatorTests.octest; sourceTree = BUILT_PRODUCTS_DIR; };
		3647129614FF6B64008864E7 /* SenTestingKit.framework */ = {isa = PBXFileReference; lastKnownFileType = wrapper.framework; name = SenTestingKit.framework; path = Library/Frameworks/SenTestingKit.framework; sourceTree = DEVELOPER_DIR; };
		3647129E14FF6B64008864E7 /* calculatorTests-Info.plist */ = {isa = PBXFileReference; path = "calculatorTests-Info.plist"; sourceTree = "<group>"; };
		364712A014FF6B64008864E7 /* en */ = {isa = PBXFileReference; lastKnownFileType = text.plist.strings; name = en; path = en.lproj/InfoPlist.strings; sourceTree = "<group>"; };
		364712A214FF6B64008864E7 /* calculatorTests.h */ = {isa = PBXFileReference; path = calculatorTests.h; sourceTree = "<group>"; };
		364712A314FF6B64008864E7 /* calculatorTests.m */ = {isa = PBXFileReference; lastKnownFileType = sourcecode.c.objc; path = calculatorTests.m; sourceTree = "<group>"; };
/* End PBXFileReference section */

/* Begin PBXFrameworksBuildPhase section */
		3647126E14FF6B64008864E7 /* Frameworks */ = {
			isa = PBXFrameworksBuildPhase;
			buildActionMask = 2147483647;
			files = (
				3647127614FF6B64008864E7 /* UIKit.framework in Frameworks */,
				3647127814FF6B64008864E7 /* Foundation.framework in Frameworks */,
				3647127A14FF6B64008864E7 /* CoreGraphics.framework in Frameworks */,
			);
			runOnlyForDeploymentPostprocessing = 0;
		};
		3647129114FF6B64008864E7 /* Frameworks */ = {
			isa = PBXFrameworksBuildPhase;
			buildActionMask = 2147483647;
			files = (
				3647129714FF6B64008864E7 /* SenTestingKit.framework in Frameworks */,
				3647129814FF6B64008864E7 /* UIKit.framework in Frameworks */,
				3647129914FF6B64008864E7 /* Foundation.framework in Frameworks */,
			);
			runOnlyForDeploymentPostprocessing = 0;
		};
/* End PBXFrameworksBuildPhase section */

/* Begin PBXGroup section */
		3647126614FF6B63008864E7 = {
			isa = PBXGroup;
			children = (
				3647127B14FF6B64008864E7 /* calculator */,
				3647129C14FF6B64008864E7 /* calculatorTests */,
				3647127414FF6B64008864E7 /* Frameworks */,
				3647127214FF6B64008864E7 /* Products */,
			);
			sourceTree = "<group>";
		};
		3647127214FF6B64008864E7 /* Products */ = {
			isa = PBXGroup;
			children = (
				3647127114FF6B64008864E7 /* calculator.app */,
				3647129514FF6B64008864E7 /* calculatorTests.octest */,
			);
			name = Products;
			sourceTree = "<group>";
		};
		3647127414FF6B64008864E7 /* Frameworks */ = {
			isa = PBXGroup;
			children = (
				3647127514FF6B64008864E7 /* UIKit.framework */,
				3647127714FF6B64008864E7 /* Foundation.framework */,
				3647127914FF6B64008864E7 /* CoreGraphics.framework */,
				3647129614FF6B64008864E7 /* SenTestingKit.framework */,
			);
			name = Frameworks;
			sourceTree = "<group>";
		};
		3647127B14FF6B64008864E7 /* calculator */ = {
			isa = PBXGroup;
			children = (
				3647128414FF6B64008864E7 /* HankAppDelegate.h */,
				3647128514FF6B64008864E7 /* HankAppDelegate.m */,
				3647128714FF6B64008864E7 /* MainStoryboard_iPhone.storyboard */,
				3647128A14FF6B64008864E7 /* MainStoryboard_iPad.storyboard */,
				3647128D14FF6B64008864E7 /* HankViewController.h */,
				3647128E14FF6B64008864E7 /* HankViewController.m */,
				3647127C14FF6B64008864E7 /* Supporting Files */,
			);
			path = calculator;
			sourceTree = "<group>";
		};
		3647127C14FF6B64008864E7 /* Supporting Files */ = {
			isa = PBXGroup;
			children = (
				3647127D14FF6B64008864E7 /* calculator-Info.plist */,
				3647127E14FF6B64008864E7 /* InfoPlist.strings */,
				3647128114FF6B64008864E7 /* main.m */,
				3647128314FF6B64008864E7 /* calculator-Prefix.pch */,
			);
			name = "Supporting Files";
			sourceTree = "<group>";
		};
		3647129C14FF6B64008864E7 /* calculatorTests */ = {
			isa = PBXGroup;
			children = (
				364712A214FF6B64008864E7 /* calculatorTests.h */,
				364712A314FF6B64008864E7 /* calculatorTests.m */,
				3647129D14FF6B64008864E7 /* Supporting Files */,
			);
			path = calculatorTests;
			sourceTree = "<group>";
		};
		3647129D14FF6B64008864E7 /* Supporting Files */ = {
			isa = PBXGroup;
			children = (
				3647129E14FF6B64008864E7 /* calculatorTests-Info.plist */,
				3647129F14FF6B64008864E7 /* InfoPlist.strings */,
			);
			name = "Supporting Files";
			sourceTree = "<group>";
		};
/* End PBXGroup section */

/* Begin PBXNativeTarget section */
		3647127014FF6B64008864E7 /* calculator */ = {
			isa = PBXNativeTarget;
			buildConfigurationList = 364712A714FF6B64008864E7 /* Build configuration list for PBXNativeTarget "calculator" */;
			buildPhases = (
				3647126D14FF6B64008864E7 /* Sources */,
				3647126E14FF6B64008864E7 /* Frameworks */,
				3647126F14FF6B64008864E7 /* Resources */,
			);
			buildRules = (
			);
			dependencies = (
			);
			name = calculator;
			productName = calculator;
			productReference = 3647127114FF6B64008864E7 /* calculator.app */;
			productType = "com.apple.product-type.application";
		};
		3647129414FF6B64008864E7 /* calculatorTests */ = {
			isa = PBXNativeTarget;
			buildConfigurationList = 364712AA14FF6B64008864E7 /* Build configuration list for PBXNativeTarget "calculatorTests" */;
			buildPhases = (
				3647129014FF6B64008864E7 /* Sources */,
				3647129114FF6B64008864E7 /* Frameworks */,
				3647129214FF6B64008864E7 /* Resources */,
				3647129314FF6B64008864E7 /* ShellScript */,
			);
			buildRules = (
			);
			dependencies = (
				3647129B14FF6B64008864E7 /* PBXTargetDependency */,
			);
			name = calculatorTests;
			productName = calculatorTests;
			productReference = 3647129514FF6B64008864E7 /* calculatorTests.octest */;
			productType = "com.apple.product-type.bundle";
		};
/* End PBXNativeTarget section */

/* Begin PBXProject section */
		3647126814FF6B63008864E7 /* Project object */ = {
			isa = PBXProject;
			attributes = {
				LastUpgradeCheck = 0420;
			};
			buildConfigurationList = 3647126B14FF6B63008864E7 /* Build configuration list for PBXProject "calculator" */;
			compatibilityVersion = "Xcode 3.2";
			developmentRegion = English;
			hasScannedForEncodings = 0;
			knownRegions = (
				en,
			);
			mainGroup = 3647126614FF6B63008864E7;
			productRefGroup = 3647127214FF6B64008864E7 /* Products */;
			projectDirPath = "";
			projectRoot = "";
			targets = (
				3647127014FF6B64008864E7 /* calculator */,
				3647129414FF6B64008864E7 /* calculatorTests */,
			);
		};
/* End PBXProject section */

/* Begin PBXResourcesBuildPhase section */
		3647126F14FF6B64008864E7 /* Resources */ = {
			isa = PBXResourcesBuildPhase;
			buildActionMask = 2147483647;
			files = (
				3647128014FF6B64008864E7 /* InfoPlist.strings in Resources */,
				3647128914FF6B64008864E7 /* MainStoryboard_iPhone.storyboard in Resources */,
				3647128C14FF6B64008864E7 /* MainStoryboard_iPad.storyboard in Resources */,
			);
			runOnlyForDeploymentPostprocessing = 0;
		};
		3647129214FF6B64008864E7 /* Resources */ = {
			isa = PBXResourcesBuildPhase;
			buildActionMask = 2147483647;
			files = (
				364712A114FF6B64008864E7 /* InfoPlist.strings in Resources */,
			);
			runOnlyForDeploymentPostprocessing = 0;
		};
/* End PBXResourcesBuildPhase section */

/* Begin PBXShellScriptBuildPhase section */
		3647129314FF6B64008864E7 /* ShellScript */ = {
			isa = PBXShellScriptBuildPhase;
			buildActionMask = 2147483647;
			files = (
			);
			inputPaths = (
			);
			outputPaths = (
			);
			runOnlyForDeploymentPostprocessing = 0;
			shellPath = /bin/sh;
			shellScript = "# Run the unit tests in this test bundle.\n\"${SYSTEM_DEVELOPER_DIR}/Tools/RunUnitTests\"\n";
		};
/* End PBXShellScriptBuildPhase section */

/* Begin PBXSourcesBuildPhase section */
		3647126D14FF6B64008864E7 /* Sources */ = {
			isa = PBXSourcesBuildPhase;
			buildActionMask = 2147483647;
			files = (
				3647128214FF6B64008864E7 /* main.m in Sources */,
				3647128614FF6B64008864E7 /* HankAppDelegate.m in Sources */,
				3647128F14FF6B64008864E7 /* HankViewController.m in Sources */,
			);
			runOnlyForDeploymentPostprocessing = 0;
		};
		3647129014FF6B64008864E7 /* Sources */ = {
			isa = PBXSourcesBuildPhase;
			buildActionMask = 2147483647;
			files = (
				364712A414FF6B64008864E7 /* calculatorTests.m in Sources */,
			);
			runOnlyForDeploymentPostprocessing = 0;
		};
/* End PBXSourcesBuildPhase section */

/* Begin PBXTargetDependency section */
		3647129B14FF6B64008864E7 /* PBXTargetDependency */ = {
			isa = PBXTargetDependency;
			target = 3647127014FF6B64008864E7 /* calculator */;
			targetProxy = 3647129A14FF6B64008864E7 /* PBXContainerItemProxy */;
		};
/* End PBXTargetDependency section */

/* Begin PBXVariantGroup section */
		3647127E14FF6B64008864E7 /* InfoPlist.strings */ = {
			isa = PBXVariantGroup;
			children = (
				3647127F14FF6B64008864E7 /* en */,
			);
			name = InfoPlist.strings;
			sourceTree = "<group>";
		};
		3647128714FF6B64008864E7 /* MainStoryboard_iPhone.storyboard */ = {
			isa = PBXVariantGroup;
			children = (
				3647128814FF6B64008864E7 /* en */,
			);
			name = MainStoryboard_iPhone.storyboard;
			sourceTree = "<group>";
		};
		3647128A14FF6B64008864E7 /* MainStoryboard_iPad.storyboard */ = {
			isa = PBXVariantGroup;
			children = (
				3647128B14FF6B64008864E7 /* en */,
			);
			name = MainStoryboard_iPad.storyboard;
			sourceTree = "<group>";
		};
		3647129F14FF6B64008864E7 /* InfoPlist.strings */ = {
			isa = PBXVariantGroup;
			children = (
				364712A014FF6B64008864E7 /* en */,
			);
			name = InfoPlist.strings;
			sourceTree = "<group>";
		};
/* End PBXVariantGroup section */

/* Begin XCBuildConfiguration section */
		364712A514FF6B64008864E7 /* Debug */ = {
			isa = XCBuildConfiguration;
			buildSettings = {
				ALWAYS_SEARCH_USER_PATHS = NO;
				ARCHS = "$(ARCHS_STANDARD_32_BIT)";
				CLANG_ENABLE_OBJC_ARC = YES;
				"CODE_SIGN_IDENTITY[sdk=iphoneos*]" = "iPhone Developer";
				COPY_PHASE_STRIP = NO;
				GCC_C_LANGUAGE_STANDARD = gnu99;
				GCC_DYNAMIC_NO_PIC = NO;
				GCC_OPTIMIZATION_LEVEL = 0;
				GCC_PREPROCESSOR_DEFINITIONS = (
					"DEBUG=1",
					"$(inherited)",
				);
				GCC_SYMBOLS_PRIVATE_EXTERN = NO;
				GCC_VERSION = com.apple.compilers.llvm.clang.1_0;
				GCC_WARN_ABOUT_MISSING_PROTOTYPES = YES;
				GCC_WARN_ABOUT_RETURN_TYPE = YES;
				GCC_WARN_UNUSED_VARIABLE = YES;
				IPHONEOS_DEPLOYMENT_TARGET = 5.0;
				SDKROOT = iphoneos;
				TARGETED_DEVICE_FAMILY = "1,2";
			};
			name = Debug;
		};
		364712A614FF6B64008864E7 /* Release */ = {
			isa = XCBuildConfiguration;
			buildSettings = {
				ALWAYS_SEARCH_USER_PATHS = NO;
				ARCHS = "$(ARCHS_STANDARD_32_BIT)";
				CLANG_ENABLE_OBJC_ARC = YES;
				"CODE_SIGN_IDENTITY[sdk=iphoneos*]" = "iPhone Developer";
				COPY_PHASE_STRIP = YES;
				GCC_C_LANGUAGE_STANDARD = gnu99;
				GCC_VERSION = com.apple.compilers.llvm.clang.1_0;
				GCC_WARN_ABOUT_MISSING_PROTOTYPES = YES;
				GCC_WARN_ABOUT_RETURN_TYPE = YES;
				GCC_WARN_UNUSED_VARIABLE = YES;
				IPHONEOS_DEPLOYMENT_TARGET = 5.0;
				OTHER_CFLAGS = "-DNS_BLOCK_ASSERTIONS=1";
				SDKROOT = iphoneos;
				TARGETED_DEVICE_FAMILY = "1,2";
				VALIDATE_PRODUCT = YES;
			};
			name = Release;
		};
		364712A814FF6B64008864E7 /* Debug */ = {
			isa = XCBuildConfiguration;
			buildSettings = {
				GCC_PRECOMPILE_PREFIX_HEADER = YES;
				GCC_PREFIX_HEADER = "calculator/calculator-Prefix.pch";
				INFOPLIST_FILE = "calculator/calculator-Info.plist";
				PRODUCT_NAME = "$(TARGET_NAME)";
				WRAPPER_EXTENSION = app;
			};
			name = Debug;
		};
		364712A914FF6B64008864E7 /* Release */ = {
			isa = XCBuildConfiguration;
			buildSettings = {
				GCC_PRECOMPILE_PREFIX_HEADER = YES;
				GCC_PREFIX_HEADER = "calculator/calculator-Prefix.pch";
				INFOPLIST_FILE = "calculator/calculator-Info.plist";
				PRODUCT_NAME = "$(TARGET_NAME)";
				WRAPPER_EXTENSION = app;
			};
			name = Release;
		};
		364712AB14FF6B64008864E7 /* Debug */ = {
			isa = XCBuildConfiguration;
			buildSettings = {
				BUNDLE_LOADER = "$(BUILT_PRODUCTS_DIR)/calculator.app/calculator";
				FRAMEWORK_SEARCH_PATHS = (
					"$(SDKROOT)/Developer/Library/Frameworks",
					"$(DEVELOPER_LIBRARY_DIR)/Frameworks",
				);
				GCC_PRECOMPILE_PREFIX_HEADER = YES;
				GCC_PREFIX_HEADER = "calculator/calculator-Prefix.pch";
				INFOPLIST_FILE = "calculatorTests/calculatorTests-Info.plist";
				PRODUCT_NAME = "$(TARGET_NAME)";
				TEST_HOST = "$(BUNDLE_LOADER)";
				WRAPPER_EXTENSION = octest;
			};
			name = Debug;
		};
		364712AC14FF6B64008864E7 /* Release */ = {
			isa = XCBuildConfiguration;
			buildSettings = {
				BUNDLE_LOADER = "$(BUILT_PRODUCTS_DIR)/calculator.app/calculator";
				FRAMEWORK_SEARCH_PATHS = (
					"$(SDKROOT)/Developer/Library/Frameworks",
					"$(DEVELOPER_LIBRARY_DIR)/Frameworks",
				);
				GCC_PRECOMPILE_PREFIX_HEADER = YES;
				GCC_PREFIX_HEADER = "calculator/calculator-Prefix.pch";
				INFOPLIST_FILE = "calculatorTests/calculatorTests-Info.plist";
				PRODUCT_NAME = "$(TARGET_NAME)";
				TEST_HOST = "$(BUNDLE_LOADER)";
				WRAPPER_EXTENSION = octest;
			};
			name = Release;
		};
/* End XCBuildConfiguration section */

/* Begin XCConfigurationList section */
		3647126B14FF6B63008864E7 /* Build configuration list for PBXProject "calculator" */ = {
			isa = XCConfigurationList;
			buildConfigurations = (
				364712A514FF6B64008864E7 /* Debug */,
				364712A614FF6B64008864E7 /* Release */,
			);
			defaultConfigurationIsVisible = 0;
			defaultConfigurationName = Release;
		};
		364712A714FF6B64008864E7 /* Build configuration list for PBXNativeTarget "calculator" */ = {
			isa = XCConfigurationList;
			buildConfigurations = (
				364712A814FF6B64008864E7 /* Debug */,
				364712A914FF6B64008864E7 /* Release */,
			);
			defaultConfigurationIsVisible = 0;
		};
		364712AA14FF6B64008864E7 /* Build configuration list for PBXNativeTarget "calculatorTests" */ = {
			isa = XCConfigurationList;
			buildConfigurations = (
				364712AB14FF6B64008864E7 /* Debug */,
				364712AC14FF6B64008864E7 /* Release */,
			);
			defaultConfigurationIsVisible = 0;
		};
/* End XCConfigurationList section */
	};
	rootObject = 3647126814FF6B63008864E7 /* Project object */;
}
